// !$*UTF8*$!
{
	archiveVersion = 1;
	classes = {
	};
	objectVersion = 46;
	objects = {

/* Begin PBXBuildFile section */
		5C94533C1FB415F64591053B /* Pods_playingWithRealm.framework in Frameworks */ = {isa = PBXBuildFile; fileRef = 937D13A65CB84E96C3E57C67 /* Pods_playingWithRealm.framework */; };
		8F6D9F511E9FC44A008ED688 /* AppDelegate.swift in Sources */ = {isa = PBXBuildFile; fileRef = 8F6D9F501E9FC44A008ED688 /* AppDelegate.swift */; };
		8F6D9F531E9FC44A008ED688 /* ViewController.swift in Sources */ = {isa = PBXBuildFile; fileRef = 8F6D9F521E9FC44A008ED688 /* ViewController.swift */; };
		8F6D9F561E9FC44A008ED688 /* Main.storyboard in Resources */ = {isa = PBXBuildFile; fileRef = 8F6D9F541E9FC44A008ED688 /* Main.storyboard */; };
		8F6D9F581E9FC44A008ED688 /* Assets.xcassets in Resources */ = {isa = PBXBuildFile; fileRef = 8F6D9F571E9FC44A008ED688 /* Assets.xcassets */; };
		8F6D9F5B1E9FC44A008ED688 /* LaunchScreen.storyboard in Resources */ = {isa = PBXBuildFile; fileRef = 8F6D9F591E9FC44A008ED688 /* LaunchScreen.storyboard */; };
		8F6D9F631E9FC775008ED688 /* Student.swift in Sources */ = {isa = PBXBuildFile; fileRef = 8F6D9F621E9FC775008ED688 /* Student.swift */; };
/* End PBXBuildFile section */

/* Begin PBXFileReference section */
		38B8D3C52D0AEA5EF11A4692 /* Pods-playingWithRealm.release.xcconfig */ = {isa = PBXFileReference; includeInIndex = 1; lastKnownFileType = text.xcconfig; name = "Pods-playingWithRealm.release.xcconfig"; path = "Pods/Target Support Files/Pods-playingWithRealm/Pods-playingWithRealm.release.xcconfig"; sourceTree = "<group>"; };
		8F6D9F4D1E9FC44A008ED688 /* playingWithRealm.app */ = {isa = PBXFileReference; explicitFileType = wrapper.application; includeInIndex = 0; path = playingWithRealm.app; sourceTree = BUILT_PRODUCTS_DIR; };
		8F6D9F501E9FC44A008ED688 /* AppDelegate.swift */ = {isa = PBXFileReference; lastKnownFileType = sourcecode.swift; path = AppDelegate.swift; sourceTree = "<group>"; };
		8F6D9F521E9FC44A008ED688 /* ViewController.swift */ = {isa = PBXFileReference; lastKnownFileType = sourcecode.swift; path = ViewController.swift; sourceTree = "<group>"; };
		8F6D9F551E9FC44A008ED688 /* Base */ = {isa = PBXFileReference; lastKnownFileType = file.storyboard; name = Base; path = Base.lproj/Main.storyboard; sourceTree = "<group>"; };
		8F6D9F571E9FC44A008ED688 /* Assets.xcassets */ = {isa = PBXFileReference; lastKnownFileType = folder.assetcatalog; path = Assets.xcassets; sourceTree = "<group>"; };
		8F6D9F5A1E9FC44A008ED688 /* Base */ = {isa = PBXFileReference; lastKnownFileType = file.storyboard; name = Base; path = Base.lproj/LaunchScreen.storyboard; sourceTree = "<group>"; };
		8F6D9F5C1E9FC44A008ED688 /* Info.plist */ = {isa = PBXFileReference; lastKnownFileType = text.plist.xml; path = Info.plist; sourceTree = "<group>"; };
		8F6D9F621E9FC775008ED688 /* Student.swift */ = {isa = PBXFileReference; fileEncoding = 4; lastKnownFileType = sourcecode.swift; path = Student.swift; sourceTree = "<group>"; };
		937D13A65CB84E96C3E57C67 /* Pods_playingWithRealm.framework */ = {isa = PBXFileReference; explicitFileType = wrapper.framework; includeInIndex = 0; path = Pods_playingWithRealm.framework; sourceTree = BUILT_PRODUCTS_DIR; };
		BAEE004E4E280963F9E02CB3 /* Pods-playingWithRealm.debug.xcconfig */ = {isa = PBXFileReference; includeInIndex = 1; lastKnownFileType = text.xcconfig; name = "Pods-playingWithRealm.debug.xcconfig"; path = "Pods/Target Support Files/Pods-playingWithRealm/Pods-playingWithRealm.debug.xcconfig"; sourceTree = "<group>"; };
/* End PBXFileReference section */

/* Begin PBXFrameworksBuildPhase section */
		8F6D9F4A1E9FC44A008ED688 /* Frameworks */ = {
			isa = PBXFrameworksBuildPhase;
			buildActionMask = 2147483647;
			files = (
				5C94533C1FB415F64591053B /* Pods_playingWithRealm.framework in Frameworks */,
			);
			runOnlyForDeploymentPostprocessing = 0;
		};
/* End PBXFrameworksBuildPhase section */

/* Begin PBXGroup section */
		8F6D9F441E9FC44A008ED688 = {
			isa = PBXGroup;
			children = (
				8F6D9F4F1E9FC44A008ED688 /* playingWithRealm */,
				8F6D9F4E1E9FC44A008ED688 /* Products */,
				A577B4857A3F111BE722DDD0 /* Pods */,
				D5EA5F98459F897F16A99931 /* Frameworks */,
			);
			sourceTree = "<group>";
		};
		8F6D9F4E1E9FC44A008ED688 /* Products */ = {
			isa = PBXGroup;
			children = (
				8F6D9F4D1E9FC44A008ED688 /* playingWithRealm.app */,
			);
			name = Products;
			sourceTree = "<group>";
		};
		8F6D9F4F1E9FC44A008ED688 /* playingWithRealm */ = {
			isa = PBXGroup;
			children = (
				8F6D9F501E9FC44A008ED688 /* AppDelegate.swift */,
				8F6D9F521E9FC44A008ED688 /* ViewController.swift */,
				8F6D9F621E9FC775008ED688 /* Student.swift */,
				8F6D9F541E9FC44A008ED688 /* Main.storyboard */,
				8F6D9F571E9FC44A008ED688 /* Assets.xcassets */,
				8F6D9F591E9FC44A008ED688 /* LaunchScreen.storyboard */,
				8F6D9F5C1E9FC44A008ED688 /* Info.plist */,
			);
			path = playingWithRealm;
			sourceTree = "<group>";
		};
		A577B4857A3F111BE722DDD0 /* Pods */ = {
			isa = PBXGroup;
			children = (
				BAEE004E4E280963F9E02CB3 /* Pods-playingWithRealm.debug.xcconfig */,
				38B8D3C52D0AEA5EF11A4692 /* Pods-playingWithRealm.release.xcconfig */,
			);
			name = Pods;
			sourceTree = "<group>";
		};
		D5EA5F98459F897F16A99931 /* Frameworks */ = {
			isa = PBXGroup;
			children = (
				937D13A65CB84E96C3E57C67 /* Pods_playingWithRealm.framework */,
			);
			name = Frameworks;
			sourceTree = "<group>";
		};
/* End PBXGroup section */

/* Begin PBXNativeTarget section */
		8F6D9F4C1E9FC44A008ED688 /* playingWithRealm */ = {
			isa = PBXNativeTarget;
			buildConfigurationList = 8F6D9F5F1E9FC44A008ED688 /* Build configuration list for PBXNativeTarget "playingWithRealm" */;
			buildPhases = (
				825C94063A2B1D5F4A3F87B2 /* [CP] Check Pods Manifest.lock */,
				8F6D9F491E9FC44A008ED688 /* Sources */,
				8F6D9F4A1E9FC44A008ED688 /* Frameworks */,
				8F6D9F4B1E9FC44A008ED688 /* Resources */,
				FC4C2CC5038130CE824D39C4 /* [CP] Embed Pods Frameworks */,
				8D347D67DB483996D1EEFF02 /* [CP] Copy Pods Resources */,
			);
			buildRules = (
			);
			dependencies = (
			);
			name = playingWithRealm;
			productName = playingWithRealm;
			productReference = 8F6D9F4D1E9FC44A008ED688 /* playingWithRealm.app */;
			productType = "com.apple.product-type.application";
		};
/* End PBXNativeTarget section */

/* Begin PBXProject section */
		8F6D9F451E9FC44A008ED688 /* Project object */ = {
			isa = PBXProject;
			attributes = {
				LastSwiftUpdateCheck = 0830;
				LastUpgradeCheck = 0830;
				ORGANIZATIONNAME = "Johann Kerr";
				TargetAttributes = {
					8F6D9F4C1E9FC44A008ED688 = {
						CreatedOnToolsVersion = 8.3.1;
						DevelopmentTeam = WNAGBXF4G9;
						ProvisioningStyle = Automatic;
					};
				};
			};
			buildConfigurationList = 8F6D9F481E9FC44A008ED688 /* Build configuration list for PBXProject "playingWithRealm" */;
			compatibilityVersion = "Xcode 3.2";
			developmentRegion = English;
			hasScannedForEncodings = 0;
			knownRegions = (
				en,
				Base,
			);
			mainGroup = 8F6D9F441E9FC44A008ED688;
			productRefGroup = 8F6D9F4E1E9FC44A008ED688 /* Products */;
			projectDirPath = "";
			projectRoot = "";
			targets = (
				8F6D9F4C1E9FC44A008ED688 /* playingWithRealm */,
			);
		};
/* End PBXProject section */

/* Begin PBXResourcesBuildPhase section */
		8F6D9F4B1E9FC44A008ED688 /* Resources */ = {
			isa = PBXResourcesBuildPhase;
			buildActionMask = 2147483647;
			files = (
				8F6D9F5B1E9FC44A008ED688 /* LaunchScreen.storyboard in Resources */,
				8F6D9F581E9FC44A008ED688 /* Assets.xcassets in Resources */,
				8F6D9F561E9FC44A008ED688 /* Main.storyboard in Resources */,
			);
			runOnlyForDeploymentPostprocessing = 0;
		};
/* End PBXResourcesBuildPhase section */

/* Begin PBXShellScriptBuildPhase section */
		825C94063A2B1D5F4A3F87B2 /* [CP] Check Pods Manifest.lock */ = {
			isa = PBXShellScriptBuildPhase;
			buildActionMask = 2147483647;
			files = (
			);
			inputPaths = (
			);
			name = "[CP] Check Pods Manifest.lock";
			outputPaths = (
			);
			runOnlyForDeploymentPostprocessing = 0;
			shellPath = /bin/sh;
			shellScript = "diff \"${PODS_ROOT}/../Podfile.lock\" \"${PODS_ROOT}/Manifest.lock\" > /dev/null\nif [ $? != 0 ] ; then\n    # print error to STDERR\n    echo \"error: The sandbox is not in sync with the Podfile.lock. Run 'pod install' or update your CocoaPods installation.\" >&2\n    exit 1\nfi\n";
			showEnvVarsInLog = 0;
		};
		8D347D67DB483996D1EEFF02 /* [CP] Copy Pods Resources */ = {
			isa = PBXShellScriptBuildPhase;
			buildActionMask = 2147483647;
			files = (
			);
			inputPaths = (
			);
			name = "[CP] Copy Pods Resources";
			outputPaths = (
			);
			runOnlyForDeploymentPostprocessing = 0;
			shellPath = /bin/sh;
			shellScript = "\"${SRCROOT}/Pods/Target Support Files/Pods-playingWithRealm/Pods-playingWithRealm-resources.sh\"\n";
			showEnvVarsInLog = 0;
		};
		FC4C2CC5038130CE824D39C4 /* [CP] Embed Pods Frameworks */ = {
			isa = PBXShellScriptBuildPhase;
			buildActionMask = 2147483647;
			files = (
			);
			inputPaths = (
			);
			name = "[CP] Embed Pods Frameworks";
			outputPaths = (
			);
			runOnlyForDeploymentPostprocessing = 0;
			shellPath = /bin/sh;
			shellScript = "\"${SRCROOT}/Pods/Target Support Files/Pods-playingWithRealm/Pods-playingWithRealm-frameworks.sh\"\n";
			showEnvVarsInLog = 0;
		};
/* End PBXShellScriptBuildPhase section */

/* Begin PBXSourcesBuildPhase section */
		8F6D9F491E9FC44A008ED688 /* Sources */ = {
			isa = PBXSourcesBuildPhase;
			buildActionMask = 2147483647;
			files = (
				8F6D9F531E9FC44A008ED688 /* ViewController.swift in Sources */,
				8F6D9F631E9FC775008ED688 /* Student.swift in Sources */,
				8F6D9F511E9FC44A008ED688 /* AppDelegate.swift in Sources */,
			);
			runOnlyForDeploymentPostprocessing = 0;
		};
/* End PBXSourcesBuildPhase section */

/* Begin PBXVariantGroup section */
		8F6D9F541E9FC44A008ED688 /* Main.storyboard */ = {
			isa = PBXVariantGroup;
			children = (
				8F6D9F551E9FC44A008ED688 /* Base */,
			);
			name = Main.storyboard;
			sourceTree = "<group>";
		};
		8F6D9F591E9FC44A008ED688 /* LaunchScreen.storyboard */ = {
			isa = PBXVariantGroup;
			children = (
				8F6D9F5A1E9FC44A008ED688 /* Base */,
			);
			name = LaunchScreen.storyboard;
			sourceTree = "<group>";
		};
/* End PBXVariantGroup section */

/* Begin XCBuildConfiguration section */
		8F6D9F5D1E9FC44A008ED688 /* Debug */ = {
			isa = XCBuildConfiguration;
			buildSettings = {
				ALWAYS_SEARCH_USER_PATHS = NO;
				CLANG_ANALYZER_NONNULL = YES;
				CLANG_ANALYZER_NUMBER_OBJECT_CONVERSION = YES_AGGRESSIVE;
				CLANG_CXX_LANGUAGE_STANDARD = "gnu++0x";
				CLANG_CXX_LIBRARY = "libc++";
				CLANG_ENABLE_MODULES = YES;
				CLANG_ENABLE_OBJC_ARC = YES;
				CLANG_WARN_BOOL_CONVERSION = YES;
				CLANG_WARN_CONSTANT_CONVERSION = YES;
				CLANG_WARN_DIRECT_OBJC_ISA_USAGE = YES_ERROR;
				CLANG_WARN_DOCUMENTATION_COMMENTS = YES;
				CLANG_WARN_EMPTY_BODY = YES;
				CLANG_WARN_ENUM_CONVERSION = YES;
				CLANG_WARN_INFINITE_RECURSION = YES;
				CLANG_WARN_INT_CONVERSION = YES;
				CLANG_WARN_OBJC_ROOT_CLASS = YES_ERROR;
				CLANG_WARN_SUSPICIOUS_MOVE = YES;
				CLANG_WARN_UNREACHABLE_CODE = YES;
				CLANG_WARN__DUPLICATE_METHOD_MATCH = YES;
				"CODE_SIGN_IDENTITY[sdk=iphoneos*]" = "iPhone Developer";
				COPY_PHASE_STRIP = NO;
				DEBUG_INFORMATION_FORMAT = dwarf;
				ENABLE_STRICT_OBJC_MSGSEND = YES;
				ENABLE_TESTABILITY = YES;
				GCC_C_LANGUAGE_STANDARD = gnu99;
				GCC_DYNAMIC_NO_PIC = NO;
				GCC_NO_COMMON_BLOCKS = YES;
				GCC_OPTIMIZATION_LEVEL = 0;
				GCC_PREPROCESSOR_DEFINITIONS = (
					"DEBUG=1",
					"$(inherited)",
				);
				GCC_WARN_64_TO_32_BIT_CONVERSION = YES;
				GCC_WARN_ABOUT_RETURN_TYPE = YES_ERROR;
				GCC_WARN_UNDECLARED_SELECTOR = YES;
				GCC_WARN_UNINITIALIZED_AUTOS = YES_AGGRESSIVE;
				GCC_WARN_UNUSED_FUNCTION = YES;
				GCC_WARN_UNUSED_VARIABLE = YES;
				IPHONEOS_DEPLOYMENT_TARGET = 10.3;
				MTL_ENABLE_DEBUG_INFO = YES;
				ONLY_ACTIVE_ARCH = YES;
				SDKROOT = iphoneos;
				SWIFT_ACTIVE_COMPILATION_CONDITIONS = DEBUG;
				SWIFT_OPTIMIZATION_LEVEL = "-Onone";
			};
			name = Debug;
		};
		8F6D9F5E1E9FC44A008ED688 /* Release */ = {
			isa = XCBuildConfiguration;
			buildSettings = {
				ALWAYS_SEARCH_USER_PATHS = NO;
				CLANG_ANALYZER_NONNULL = YES;
				CLANG_ANALYZER_NUMBER_OBJECT_CONVERSION = YES_AGGRESSIVE;
				CLANG_CXX_LANGUAGE_STANDARD = "gnu++0x";
				CLANG_CXX_LIBRARY = "libc++";
				CLANG_ENABLE_MODULES = YES;
				CLANG_ENABLE_OBJC_ARC = YES;
				CLANG_WARN_BOOL_CONVERSION = YES;
				CLANG_WARN_CONSTANT_CONVERSION = YES;
				CLANG_WARN_DIRECT_OBJC_ISA_USAGE = YES_ERROR;
				CLANG_WARN_DOCUMENTATION_COMMENTS = YES;
				CLANG_WARN_EMPTY_BODY = YES;
				CLANG_WARN_ENUM_CONVERSION = YES;
				CLANG_WARN_INFINITE_RECURSION = YES;
				CLANG_WARN_INT_CONVERSION = YES;
				CLANG_WARN_OBJC_ROOT_CLASS = YES_ERROR;
				CLANG_WARN_SUSPICIOUS_MOVE = YES;
				CLANG_WARN_UNREACHABLE_CODE = YES;
				CLANG_WARN__DUPLICATE_METHOD_MATCH = YES;
				"CODE_SIGN_IDENTITY[sdk=iphoneos*]" = "iPhone Developer";
				COPY_PHASE_STRIP = NO;
				DEBUG_INFORMATION_FORMAT = "dwarf-with-dsym";
				ENABLE_NS_ASSERTIONS = NO;
				ENABLE_STRICT_OBJC_MSGSEND = YES;
				GCC_C_LANGUAGE_STANDARD = gnu99;
				GCC_NO_COMMON_BLOCKS = YES;
				GCC_WARN_64_TO_32_BIT_CONVERSION = YES;
				GCC_WARN_ABOUT_RETURN_TYPE = YES_ERROR;
				GCC_WARN_UNDECLARED_SELECTOR = YES;
				GCC_WARN_UNINITIALIZED_AUTOS = YES_AGGRESSIVE;
				GCC_WARN_UNUSED_FUNCTION = YES;
				GCC_WARN_UNUSED_VARIABLE = YES;
				IPHONEOS_DEPLOYMENT_TARGET = 10.3;
				MTL_ENABLE_DEBUG_INFO = NO;
				SDKROOT = iphoneos;
				SWIFT_OPTIMIZATION_LEVEL = "-Owholemodule";
				VALIDATE_PRODUCT = YES;
			};
			name = Release;
		};
		8F6D9F601E9FC44A008ED688 /* Debug */ = {
			isa = XCBuildConfiguration;
			baseConfigurationReference = BAEE004E4E280963F9E02CB3 /* Pods-playingWithRealm.debug.xcconfig */;
			buildSettings = {
				ASSETCATALOG_COMPILER_APPICON_NAME = AppIcon;
				DEVELOPMENT_TEAM = WNAGBXF4G9;
				INFOPLIST_FILE = playingWithRealm/Info.plist;
				LD_RUNPATH_SEARCH_PATHS = "$(inherited) @executable_path/Frameworks";
				PRODUCT_BUNDLE_IDENTIFIER = com.johannkerr.playingWithRealm;
				PRODUCT_NAME = "$(TARGET_NAME)";
				SWIFT_VERSION = 3.0;
			};
			name = Debug;
		};
		8F6D9F611E9FC44A008ED688 /* Release */ = {
			isa = XCBuildConfiguration;
			baseConfigurationReference = 38B8D3C52D0AEA5EF11A4692 /* Pods-playingWithRealm.release.xcconfig */;
			buildSettings = {
				ASSETCATALOG_COMPILER_APPICON_NAME = AppIcon;
				DEVELOPMENT_TEAM = WNAGBXF4G9;
				INFOPLIST_FILE = playingWithRealm/Info.plist;
				LD_RUNPATH_SEARCH_PATHS = "$(inherited) @executable_path/Frameworks";
				PRODUCT_BUNDLE_IDENTIFIER = com.johannkerr.playingWithRealm;
				PRODUCT_NAME = "$(TARGET_NAME)";
				SWIFT_VERSION = 3.0;
			};
			name = Release;
		};
/* End XCBuildConfiguration section */

/* Begin XCConfigurationList section */
		8F6D9F481E9FC44A008ED688 /* Build configuration list for PBXProject "playingWithRealm" */ = {
			isa = XCConfigurationList;
			buildConfigurations = (
				8F6D9F5D1E9FC44A008ED688 /* Debug */,
				8F6D9F5E1E9FC44A008ED688 /* Release */,
			);
			defaultConfigurationIsVisible = 0;
			defaultConfigurationName = Release;
		};
		8F6D9F5F1E9FC44A008ED688 /* Build configuration list for PBXNativeTarget "playingWithRealm" */ = {
			isa = XCConfigurationList;
			buildConfigurations = (
				8F6D9F601E9FC44A008ED688 /* Debug */,
				8F6D9F611E9FC44A008ED688 /* Release */,
			);
			defaultConfigurationIsVisible = 0;
			defaultConfigurationName = Release;
		};
/* End XCConfigurationList section */
	};
	rootObject = 8F6D9F451E9FC44A008ED688 /* Project object */;
}
